
Microsoft Visual Studio Solution File, Format Version 12.00
# Visual Studio Version 17
VisualStudioVersion = 17.10.35027.167
MinimumVisualStudioVersion = 10.0.40219.1
Project("{FAE04EC0-301F-11D3-BF4B-00C04F79EFBC}") = "PokeChess.Server", "PokeChess.Server\PokeChess.Server.csproj", "{95DBB950-889B-4967-95B0-825E5901A481}"
EndProject
Project("{54A90642-561A-4BB1-A94E-469ADEE60C69}") = "pokechess.client", "pokechess.client\pokechess.client.esproj", "{62C318ED-2EA9-4794-B25F-B0ECE94526D3}"
EndProject
Project("{FAE04EC0-301F-11D3-BF4B-00C04F79EFBC}") = "PokeChess.Server.UnitTests", "PokeChess.Server.UnitTests\PokeChess.Server.UnitTests.csproj", "{88AB5CA4-6A8E-4737-8982-554C7211F8B4}"
EndProject
Global
	GlobalSection(SolutionConfigurationPlatforms) = preSolution
		Debug|Any CPU = Debug|Any CPU
		Release|Any CPU = Release|Any CPU
	EndGlobalSection
	GlobalSection(ProjectConfigurationPlatforms) = postSolution
		{95DBB950-889B-4967-95B0-825E5901A481}.Debug|Any CPU.ActiveCfg = Debug|Any CPU
		{95DBB950-889B-4967-95B0-825E5901A481}.Debug|Any CPU.Build.0 = Debug|Any CPU
		{95DBB950-889B-4967-95B0-825E5901A481}.Release|Any CPU.ActiveCfg = Release|Any CPU
		{95DBB950-889B-4967-95B0-825E5901A481}.Release|Any CPU.Build.0 = Release|Any CPU
		{62C318ED-2EA9-4794-B25F-B0ECE94526D3}.Debug|Any CPU.ActiveCfg = Debug|Any CPU
		{62C318ED-2EA9-4794-B25F-B0ECE94526D3}.Debug|Any CPU.Build.0 = Debug|Any CPU
		{62C318ED-2EA9-4794-B25F-B0ECE94526D3}.Debug|Any CPU.Deploy.0 = Debug|Any CPU
		{62C318ED-2EA9-4794-B25F-B0ECE94526D3}.Release|Any CPU.ActiveCfg = Release|Any CPU
		{62C318ED-2EA9-4794-B25F-B0ECE94526D3}.Release|Any CPU.Build.0 = Release|Any CPU
		{62C318ED-2EA9-4794-B25F-B0ECE94526D3}.Release|Any CPU.Deploy.0 = Release|Any CPU
		{88AB5CA4-6A8E-4737-8982-554C7211F8B4}.Debug|Any CPU.ActiveCfg = Debug|Any CPU
		{88AB5CA4-6A8E-4737-8982-554C7211F8B4}.Debug|Any CPU.Build.0 = Debug|Any CPU
		{88AB5CA4-6A8E-4737-8982-554C7211F8B4}.Release|Any CPU.ActiveCfg = Release|Any CPU
		{88AB5CA4-6A8E-4737-8982-554C7211F8B4}.Release|Any CPU.Build.0 = Release|Any CPU
	EndGlobalSection
	GlobalSection(SolutionProperties) = preSolution
		HideSolutionNode = FALSE
	EndGlobalSection
	GlobalSection(ExtensibilityGlobals) = postSolution
		SolutionGuid = {88214283-A157-474B-8E2E-253001982254}
	EndGlobalSection
EndGlobal
